// !$*UTF8*$!
{
	archiveVersion = 1;
	classes = {
	};
	objectVersion = 50;
	objects = {

/* Begin PBXBuildFile section */
		2C0F041820A2315800E5AA49 /* AppDelegate.swift in Sources */ = {isa = PBXBuildFile; fileRef = 2C0F041720A2315800E5AA49 /* AppDelegate.swift */; };
		2C0F041A20A2315800E5AA49 /* ViewController.swift in Sources */ = {isa = PBXBuildFile; fileRef = 2C0F041920A2315800E5AA49 /* ViewController.swift */; };
		2C0F041C20A2315B00E5AA49 /* Assets.xcassets in Resources */ = {isa = PBXBuildFile; fileRef = 2C0F041B20A2315B00E5AA49 /* Assets.xcassets */; };
		2C0F041F20A2315B00E5AA49 /* Main.storyboard in Resources */ = {isa = PBXBuildFile; fileRef = 2C0F041D20A2315B00E5AA49 /* Main.storyboard */; };
		2C0F042C20A243E700E5AA49 /* TaxViewController.swift in Sources */ = {isa = PBXBuildFile; fileRef = 2C0F042B20A243E700E5AA49 /* TaxViewController.swift */; };
		2CEC745B20A3AC45000A03C3 /* TipViewController.swift in Sources */ = {isa = PBXBuildFile; fileRef = 2CEC745A20A3AC45000A03C3 /* TipViewController.swift */; };
/* End PBXBuildFile section */

/* Begin PBXFileReference section */
		2C0F041420A2315800E5AA49 /* CalculateTaxTip.app */ = {isa = PBXFileReference; explicitFileType = wrapper.application; includeInIndex = 0; path = CalculateTaxTip.app; sourceTree = BUILT_PRODUCTS_DIR; };
		2C0F041720A2315800E5AA49 /* AppDelegate.swift */ = {isa = PBXFileReference; lastKnownFileType = sourcecode.swift; path = AppDelegate.swift; sourceTree = "<group>"; };
		2C0F041920A2315800E5AA49 /* ViewController.swift */ = {isa = PBXFileReference; lastKnownFileType = sourcecode.swift; path = ViewController.swift; sourceTree = "<group>"; };
		2C0F041B20A2315B00E5AA49 /* Assets.xcassets */ = {isa = PBXFileReference; lastKnownFileType = folder.assetcatalog; path = Assets.xcassets; sourceTree = "<group>"; };
		2C0F041E20A2315B00E5AA49 /* Base */ = {isa = PBXFileReference; lastKnownFileType = file.storyboard; name = Base; path = Base.lproj/Main.storyboard; sourceTree = "<group>"; };
		2C0F042020A2315B00E5AA49 /* Info.plist */ = {isa = PBXFileReference; lastKnownFileType = text.plist.xml; path = Info.plist; sourceTree = "<group>"; };
		2C0F042120A2315B00E5AA49 /* CalculateTaxTip.entitlements */ = {isa = PBXFileReference; lastKnownFileType = text.plist.entitlements; path = CalculateTaxTip.entitlements; sourceTree = "<group>"; };
		2C0F042B20A243E700E5AA49 /* TaxViewController.swift */ = {isa = PBXFileReference; lastKnownFileType = sourcecode.swift; path = TaxViewController.swift; sourceTree = "<group>"; };
		2CEC745A20A3AC45000A03C3 /* TipViewController.swift */ = {isa = PBXFileReference; lastKnownFileType = sourcecode.swift; path = TipViewController.swift; sourceTree = "<group>"; };
/* End PBXFileReference section */

/* Begin PBXFrameworksBuildPhase section */
		2C0F041120A2315800E5AA49 /* Frameworks */ = {
			isa = PBXFrameworksBuildPhase;
			buildActionMask = 2147483647;
			files = (
			);
			runOnlyForDeploymentPostprocessing = 0;
		};
/* End PBXFrameworksBuildPhase section */

/* Begin PBXGroup section */
		2C0F040B20A2315800E5AA49 = {
			isa = PBXGroup;
			children = (
				2C0F041620A2315800E5AA49 /* CalculateTaxTip */,
				2C0F041520A2315800E5AA49 /* Products */,
			);
			sourceTree = "<group>";
		};
		2C0F041520A2315800E5AA49 /* Products */ = {
			isa = PBXGroup;
			children = (
				2C0F041420A2315800E5AA49 /* CalculateTaxTip.app */,
			);
			name = Products;
			sourceTree = "<group>";
		};
		2C0F041620A2315800E5AA49 /* CalculateTaxTip */ = {
			isa = PBXGroup;
			children = (
				2C0F041720A2315800E5AA49 /* AppDelegate.swift */,
				2C0F041920A2315800E5AA49 /* ViewController.swift */,
				2C0F042B20A243E700E5AA49 /* TaxViewController.swift */,
				2C0F041B20A2315B00E5AA49 /* Assets.xcassets */,
				2C0F041D20A2315B00E5AA49 /* Main.storyboard */,
				2CEC745A20A3AC45000A03C3 /* TipViewController.swift */,
				2C0F042020A2315B00E5AA49 /* Info.plist */,
				2C0F042120A2315B00E5AA49 /* CalculateTaxTip.entitlements */,
			);
			path = CalculateTaxTip;
			sourceTree = "<group>";
		};
/* End PBXGroup section */

/* Begin PBXNativeTarget section */
		2C0F041320A2315800E5AA49 /* CalculateTaxTip */ = {
			isa = PBXNativeTarget;
			buildConfigurationList = 2C0F042420A2315B00E5AA49 /* Build configuration list for PBXNativeTarget "CalculateTaxTip" */;
			buildPhases = (
				2C0F041020A2315800E5AA49 /* Sources */,
				2C0F041120A2315800E5AA49 /* Frameworks */,
				2C0F041220A2315800E5AA49 /* Resources */,
			);
			buildRules = (
			);
			dependencies = (
			);
			name = CalculateTaxTip;
			productName = CalculateTaxTip;
			productReference = 2C0F041420A2315800E5AA49 /* CalculateTaxTip.app */;
			productType = "com.apple.product-type.application";
		};
/* End PBXNativeTarget section */

/* Begin PBXProject section */
		2C0F040C20A2315800E5AA49 /* Project object */ = {
			isa = PBXProject;
			attributes = {
				LastSwiftUpdateCheck = 0930;
				LastUpgradeCheck = 0930;
				ORGANIZATIONNAME = "Mammoth Interactive";
				TargetAttributes = {
					2C0F041320A2315800E5AA49 = {
						CreatedOnToolsVersion = 9.3;
					};
				};
			};
			buildConfigurationList = 2C0F040F20A2315800E5AA49 /* Build configuration list for PBXProject "CalculateTaxTip" */;
			compatibilityVersion = "Xcode 9.3";
			developmentRegion = en;
			hasScannedForEncodings = 0;
			knownRegions = (
				en,
				Base,
			);
			mainGroup = 2C0F040B20A2315800E5AA49;
			productRefGroup = 2C0F041520A2315800E5AA49 /* Products */;
			projectDirPath = "";
			projectRoot = "";
			targets = (
				2C0F041320A2315800E5AA49 /* CalculateTaxTip */,
			);
		};
/* End PBXProject section */

/* Begin PBXResourcesBuildPhase section */
		2C0F041220A2315800E5AA49 /* Resources */ = {
			isa = PBXResourcesBuildPhase;
			buildActionMask = 2147483647;
			files = (
				2C0F041C20A2315B00E5AA49 /* Assets.xcassets in Resources */,
				2C0F041F20A2315B00E5AA49 /* Main.storyboard in Resources */,
			);
			runOnlyForDeploymentPostprocessing = 0;
		};
/* End PBXResourcesBuildPhase section */

/* Begin PBXSourcesBuildPhase section */
		2C0F041020A2315800E5AA49 /* Sources */ = {
			isa = PBXSourcesBuildPhase;
			buildActionMask = 2147483647;
			files = (
				2C0F041A20A2315800E5AA49 /* ViewController.swift in Sources */,
				2C0F041820A2315800E5AA49 /* AppDelegate.swift in Sources */,
				2CEC745B20A3AC45000A03C3 /* TipViewController.swift in Sources */,
				2C0F042C20A243E700E5AA49 /* TaxViewController.swift in Sources */,
			);
			runOnlyForDeploymentPostprocessing = 0;
		};
/* End PBXSourcesBuildPhase section */

/* Begin PBXVariantGroup section */
		2C0F041D20A2315B00E5AA49 /* Main.storyboard */ = {
			isa = PBXVariantGroup;
			children = (
				2C0F041E20A2315B00E5AA49 /* Base */,
			);
			name = Main.storyboard;
			sourceTree = "<group>";
		};
/* End PBXVariantGroup section */

/* Begin XCBuildConfiguration section */
		2C0F042220A2315B00E5AA49 /* Debug */ = {
			isa = XCBuildConfiguration;
			buildSettings = {
				ALWAYS_SEARCH_USER_PATHS = NO;
				CLANG_ANALYZER_NONNULL = YES;
				CLANG_ANALYZER_NUMBER_OBJECT_CONVERSION = YES_AGGRESSIVE;
				CLANG_CXX_LANGUAGE_STANDARD = "gnu++14";
				CLANG_CXX_LIBRARY = "libc++";
				CLANG_ENABLE_MODULES = YES;
				CLANG_ENABLE_OBJC_ARC = YES;
				CLANG_ENABLE_OBJC_WEAK = YES;
				CLANG_WARN_BLOCK_CAPTURE_AUTORELEASING = YES;
				CLANG_WARN_BOOL_CONVERSION = YES;
				CLANG_WARN_COMMA = YES;
				CLANG_WARN_CONSTANT_CONVERSION = YES;
				CLANG_WARN_DEPRECATED_OBJC_IMPLEMENTATIONS = YES;
				CLANG_WARN_DIRECT_OBJC_ISA_USAGE = YES_ERROR;
				CLANG_WARN_DOCUMENTATION_COMMENTS = YES;
				CLANG_WARN_EMPTY_BODY = YES;
				CLANG_WARN_ENUM_CONVERSION = YES;
				CLANG_WARN_INFINITE_RECURSION = YES;
				CLANG_WARN_INT_CONVERSION = YES;
				CLANG_WARN_NON_LITERAL_NULL_CONVERSION = YES;
				CLANG_WARN_OBJC_IMPLICIT_RETAIN_SELF = YES;
				CLANG_WARN_OBJC_LITERAL_CONVERSION = YES;
				CLANG_WARN_OBJC_ROOT_CLASS = YES_ERROR;
				CLANG_WARN_RANGE_LOOP_ANALYSIS = YES;
				CLANG_WARN_STRICT_PROTOTYPES = YES;
				CLANG_WARN_SUSPICIOUS_MOVE = YES;
				CLANG_WARN_UNGUARDED_AVAILABILITY = YES_AGGRESSIVE;
				CLANG_WARN_UNREACHABLE_CODE = YES;
				CLANG_WARN__DUPLICATE_METHOD_MATCH = YES;
				CODE_SIGN_IDENTITY = "Mac Developer";
				COPY_PHASE_STRIP = NO;
				DEBUG_INFORMATION_FORMAT = dwarf;
				ENABLE_STRICT_OBJC_MSGSEND = YES;
				ENABLE_TESTABILITY = YES;
				GCC_C_LANGUAGE_STANDARD = gnu11;
				GCC_DYNAMIC_NO_PIC = NO;
				GCC_NO_COMMON_BLOCKS = YES;
				GCC_OPTIMIZATION_LEVEL = 0;
				GCC_PREPROCESSOR_DEFINITIONS = (
					"DEBUG=1",
					"$(inherited)",
				);
				GCC_WARN_64_TO_32_BIT_CONVERSION = YES;
				GCC_WARN_ABOUT_RETURN_TYPE = YES_ERROR;
				GCC_WARN_UNDECLARED_SELECTOR = YES;
				GCC_WARN_UNINITIALIZED_AUTOS = YES_AGGRESSIVE;
				GCC_WARN_UNUSED_FUNCTION = YES;
				GCC_WARN_UNUSED_VARIABLE = YES;
				MACOSX_DEPLOYMENT_TARGET = 10.13;
				MTL_ENABLE_DEBUG_INFO = YES;
				ONLY_ACTIVE_ARCH = YES;
				SDKROOT = macosx;
				SWIFT_ACTIVE_COMPILATION_CONDITIONS = DEBUG;
				SWIFT_OPTIMIZATION_LEVEL = "-Onone";
			};
			name = Debug;
		};
		2C0F042320A2315B00E5AA49 /* Release */ = {
			isa = XCBuildConfiguration;
			buildSettings = {
				ALWAYS_SEARCH_USER_PATHS = NO;
				CLANG_ANALYZER_NONNULL = YES;
				CLANG_ANALYZER_NUMBER_OBJECT_CONVERSION = YES_AGGRESSIVE;
				CLANG_CXX_LANGUAGE_STANDARD = "gnu++14";
				CLANG_CXX_LIBRARY = "libc++";
				CLANG_ENABLE_MODULES = YES;
				CLANG_ENABLE_OBJC_ARC = YES;
				CLANG_ENABLE_OBJC_WEAK = YES;
				CLANG_WARN_BLOCK_CAPTURE_AUTORELEASING = YES;
				CLANG_WARN_BOOL_CONVERSION = YES;
				CLANG_WARN_COMMA = YES;
				CLANG_WARN_CONSTANT_CONVERSION = YES;
				CLANG_WARN_DEPRECATED_OBJC_IMPLEMENTATIONS = YES;
				CLANG_WARN_DIRECT_OBJC_ISA_USAGE = YES_ERROR;
				CLANG_WARN_DOCUMENTATION_COMMENTS = YES;
				CLANG_WARN_EMPTY_BODY = YES;
				CLANG_WARN_ENUM_CONVERSION = YES;
				CLANG_WARN_INFINITE_RECURSION = YES;
				CLANG_WARN_INT_CONVERSION = YES;
				CLANG_WARN_NON_LITERAL_NULL_CONVERSION = YES;
				CLANG_WARN_OBJC_IMPLICIT_RETAIN_SELF = YES;
				CLANG_WARN_OBJC_LITERAL_CONVERSION = YES;
				CLANG_WARN_OBJC_ROOT_CLASS = YES_ERROR;
				CLANG_WARN_RANGE_LOOP_ANALYSIS = YES;
				CLANG_WARN_STRICT_PROTOTYPES = YES;
				CLANG_WARN_SUSPICIOUS_MOVE = YES;
				CLANG_WARN_UNGUARDED_AVAILABILITY = YES_AGGRESSIVE;
				CLANG_WARN_UNREACHABLE_CODE = YES;
				CLANG_WARN__DUPLICATE_METHOD_MATCH = YES;
				CODE_SIGN_IDENTITY = "Mac Developer";
				COPY_PHASE_STRIP = NO;
				DEBUG_INFORMATION_FORMAT = "dwarf-with-dsym";
				ENABLE_NS_ASSERTIONS = NO;
				ENABLE_STRICT_OBJC_MSGSEND = YES;
				GCC_C_LANGUAGE_STANDARD = gnu11;
				GCC_NO_COMMON_BLOCKS = YES;
				GCC_WARN_64_TO_32_BIT_CONVERSION = YES;
				GCC_WARN_ABOUT_RETURN_TYPE = YES_ERROR;
				GCC_WARN_UNDECLARED_SELECTOR = YES;
				GCC_WARN_UNINITIALIZED_AUTOS = YES_AGGRESSIVE;
				GCC_WARN_UNUSED_FUNCTION = YES;
				GCC_WARN_UNUSED_VARIABLE = YES;
				MACOSX_DEPLOYMENT_TARGET = 10.13;
				MTL_ENABLE_DEBUG_INFO = NO;
				SDKROOT = macosx;
				SWIFT_COMPILATION_MODE = wholemodule;
				SWIFT_OPTIMIZATION_LEVEL = "-O";
			};
			name = Release;
		};
		2C0F042520A2315B00E5AA49 /* Debug */ = {
			isa = XCBuildConfiguration;
			buildSettings = {
				ASSETCATALOG_COMPILER_APPICON_NAME = AppIcon;
				CODE_SIGN_ENTITLEMENTS = CalculateTaxTip/CalculateTaxTip.entitlements;
				CODE_SIGN_STYLE = Automatic;
				COMBINE_HIDPI_IMAGES = YES;
				DEVELOPMENT_TEAM = Z443C3M747;
				INFOPLIST_FILE = CalculateTaxTip/Info.plist;
				LD_RUNPATH_SEARCH_PATHS = (
					"$(inherited)",
					"@executable_path/../Frameworks",
				);
				PRODUCT_BUNDLE_IDENTIFIER = com.CalculateTaxTip;
				PRODUCT_NAME = "$(TARGET_NAME)";
				SWIFT_VERSION = 4.0;
			};
			name = Debug;
		};
		2C0F042620A2315B00E5AA49 /* Release */ = {
			isa = XCBuildConfiguration;
			buildSettings = {
				ASSETCATALOG_COMPILER_APPICON_NAME = AppIcon;
				CODE_SIGN_ENTITLEMENTS = CalculateTaxTip/CalculateTaxTip.entitlements;
				CODE_SIGN_STYLE = Automatic;
				COMBINE_HIDPI_IMAGES = YES;
				DEVELOPMENT_TEAM = Z443C3M747;
				INFOPLIST_FILE = CalculateTaxTip/Info.plist;
				LD_RUNPATH_SEARCH_PATHS = (
					"$(inherited)",
					"@executable_path/../Frameworks",
				);
				PRODUCT_BUNDLE_IDENTIFIER = com.CalculateTaxTip;
				PRODUCT_NAME = "$(TARGET_NAME)";
				SWIFT_VERSION = 4.0;
			};
			name = Release;
		};
/* End XCBuildConfiguration section */

/* Begin XCConfigurationList section */
		2C0F040F20A2315800E5AA49 /* Build configuration list for PBXProject "CalculateTaxTip" */ = {
			isa = XCConfigurationList;
			buildConfigurations = (
				2C0F042220A2315B00E5AA49 /* Debug */,
				2C0F042320A2315B00E5AA49 /* Release */,
			);
			defaultConfigurationIsVisible = 0;
			defaultConfigurationName = Release;
		};
		2C0F042420A2315B00E5AA49 /* Build configuration list for PBXNativeTarget "CalculateTaxTip" */ = {
			isa = XCConfigurationList;
			buildConfigurations = (
				2C0F042520A2315B00E5AA49 /* Debug */,
				2C0F042620A2315B00E5AA49 /* Release */,
			);
			defaultConfigurationIsVisible = 0;
			defaultConfigurationName = Release;
		};
/* End XCConfigurationList section */
	};
	rootObject = 2C0F040C20A2315800E5AA49 /* Project object */;
}
